
Microsoft Visual Studio Solution File, Format Version 12.00
# Visual Studio Version 17
VisualStudioVersion = 17.10.34928.147
MinimumVisualStudioVersion = 10.0.40219.1
Project("{9A19103F-16F7-4668-BE54-9A1E7A4F7556}") = "Touchsides_Assignment", "Touchsides Assignment\Touchsides_Assignment.csproj", "{B3B5D2E2-CA5A-4EC2-B556-81F612571E97}"
EndProject
Global
	GlobalSection(SolutionConfigurationPlatforms) = preSolution
		Debug|Any CPU = Debug|Any CPU
		Release|Any CPU = Release|Any CPU
	EndGlobalSection
	GlobalSection(ProjectConfigurationPlatforms) = postSolution
		{B3B5D2E2-CA5A-4EC2-B556-81F612571E97}.Debug|Any CPU.ActiveCfg = Debug|Any CPU
		{B3B5D2E2-CA5A-4EC2-B556-81F612571E97}.Debug|Any CPU.Build.0 = Debug|Any CPU
		{B3B5D2E2-CA5A-4EC2-B556-81F612571E97}.Release|Any CPU.ActiveCfg = Release|Any CPU
		{B3B5D2E2-CA5A-4EC2-B556-81F612571E97}.Release|Any CPU.Build.0 = Release|Any CPU
	EndGlobalSection
	GlobalSection(SolutionProperties) = preSolution
		HideSolutionNode = FALSE
	EndGlobalSection
	GlobalSection(ExtensibilityGlobals) = postSolution
		SolutionGuid = {24C15737-6492-4700-85E1-E68121803E0C}
	EndGlobalSection
EndGlobal
